
Microsoft Visual Studio Solution File, Format Version 12.00
# Visual Studio Version 17
VisualStudioVersion = 17.4.33213.308
MinimumVisualStudioVersion = 10.0.40219.1
Project("{9A19103F-16F7-4668-BE54-9A1E7A4F7556}") = "PoqAssessment", "PoqAssessment\PoqAssessment.csproj", "{1386B6B0-DFF0-44C1-845C-121A3C68D03F}"
EndProject
Project("{9A19103F-16F7-4668-BE54-9A1E7A4F7556}") = "PoqAssessment.Tests", "PoqAssessment.Tests\PoqAssessment.Tests.csproj", "{DC9C45B1-6569-4C80-A98C-3933CE0962D3}"
EndProject
Project("{FAE04EC0-301F-11D3-BF4B-00C04F79EFBC}") = "PoqAssessment.Clients", "PoqAssessment.Clients\PoqAssessment.Clients.csproj", "{FC0FB207-EA8D-47B7-8992-87A09924B188}"
EndProject
Global
	GlobalSection(SolutionConfigurationPlatforms) = preSolution
		Debug|Any CPU = Debug|Any CPU
		Release|Any CPU = Release|Any CPU
	EndGlobalSection
	GlobalSection(ProjectConfigurationPlatforms) = postSolution
		{1386B6B0-DFF0-44C1-845C-121A3C68D03F}.Debug|Any CPU.ActiveCfg = Debug|Any CPU
		{1386B6B0-DFF0-44C1-845C-121A3C68D03F}.Debug|Any CPU.Build.0 = Debug|Any CPU
		{1386B6B0-DFF0-44C1-845C-121A3C68D03F}.Release|Any CPU.ActiveCfg = Release|Any CPU
		{1386B6B0-DFF0-44C1-845C-121A3C68D03F}.Release|Any CPU.Build.0 = Release|Any CPU
		{DC9C45B1-6569-4C80-A98C-3933CE0962D3}.Debug|Any CPU.ActiveCfg = Debug|Any CPU
		{DC9C45B1-6569-4C80-A98C-3933CE0962D3}.Debug|Any CPU.Build.0 = Debug|Any CPU
		{DC9C45B1-6569-4C80-A98C-3933CE0962D3}.Release|Any CPU.ActiveCfg = Release|Any CPU
		{DC9C45B1-6569-4C80-A98C-3933CE0962D3}.Release|Any CPU.Build.0 = Release|Any CPU
		{FC0FB207-EA8D-47B7-8992-87A09924B188}.Debug|Any CPU.ActiveCfg = Debug|Any CPU
		{FC0FB207-EA8D-47B7-8992-87A09924B188}.Debug|Any CPU.Build.0 = Debug|Any CPU
		{FC0FB207-EA8D-47B7-8992-87A09924B188}.Release|Any CPU.ActiveCfg = Release|Any CPU
		{FC0FB207-EA8D-47B7-8992-87A09924B188}.Release|Any CPU.Build.0 = Release|Any CPU
	EndGlobalSection
	GlobalSection(SolutionProperties) = preSolution
		HideSolutionNode = FALSE
	EndGlobalSection
	GlobalSection(ExtensibilityGlobals) = postSolution
		SolutionGuid = {95145A1C-F925-4241-9211-86745F5FC619}
	EndGlobalSection
EndGlobal
